
Microsoft Visual Studio Solution File, Format Version 12.00
# Visual Studio Version 16
VisualStudioVersion = 16.0.31613.86
MinimumVisualStudioVersion = 10.0.40219.1
Project("{FAE04EC0-301F-11D3-BF4B-00C04F79EFBC}") = "LinqXML", "LinqXML.csproj", "{1680983C-5809-4C32-A4FB-F984DCF368DA}"
EndProject
Global
	GlobalSection(SolutionConfigurationPlatforms) = preSolution
		Debug|Any CPU = Debug|Any CPU
		Release|Any CPU = Release|Any CPU
	EndGlobalSection
	GlobalSection(ProjectConfigurationPlatforms) = postSolution
		{1680983C-5809-4C32-A4FB-F984DCF368DA}.Debug|Any CPU.ActiveCfg = Debug|Any CPU
		{1680983C-5809-4C32-A4FB-F984DCF368DA}.Debug|Any CPU.Build.0 = Debug|Any CPU
		{1680983C-5809-4C32-A4FB-F984DCF368DA}.Release|Any CPU.ActiveCfg = Release|Any CPU
		{1680983C-5809-4C32-A4FB-F984DCF368DA}.Release|Any CPU.Build.0 = Release|Any CPU
	EndGlobalSection
	GlobalSection(SolutionProperties) = preSolution
		HideSolutionNode = FALSE
	EndGlobalSection
	GlobalSection(ExtensibilityGlobals) = postSolution
		SolutionGuid = {09D9F635-30E5-40AE-84D2-9CC73EF68391}
	EndGlobalSection
EndGlobal
